
Microsoft Visual Studio Solution File, Format Version 12.00
Project("{8BC9CEB8-8B4A-11D0-8D11-00A0C91BC942}") = "Lab1_cpp", "Lab1_cpp\Lab1_cpp.vcxproj", "{ACA70F52-C30E-4F27-8725-EF6B43EEDE5E}"
EndProject
Project("{8BC9CEB8-8B4A-11D0-8D11-00A0C91BC942}") = "Lab2_cpp", "Lab2_cpp\Lab2_cpp.vcxproj", "{DEB1A1D2-51DF-4D3C-A0A6-8AB17E870792}"
EndProject
Project("{8BC9CEB8-8B4A-11D0-8D11-00A0C91BC942}") = "Lab3_cpp", "Lab3_cpp\Lab3_cpp.vcxproj", "{DA8DBE12-A2D6-4CC4-A744-C67F46FB7829}"
EndProject
Project("{8BC9CEB8-8B4A-11D0-8D11-00A0C91BC942}") = "Lab4_cpp", "Lab4_cpp\Lab4_cpp.vcxproj", "{25F7D07A-45A3-4950-AFEE-C2659653019B}"
EndProject
Global
	GlobalSection(SolutionConfigurationPlatforms) = preSolution
		Debug|Any CPU = Debug|Any CPU
		Release|Any CPU = Release|Any CPU
	EndGlobalSection
	GlobalSection(ProjectConfigurationPlatforms) = postSolution
		{ACA70F52-C30E-4F27-8725-EF6B43EEDE5E}.Debug|Any CPU.ActiveCfg = Debug|Win32
		{ACA70F52-C30E-4F27-8725-EF6B43EEDE5E}.Debug|Any CPU.Build.0 = Debug|Win32
		{ACA70F52-C30E-4F27-8725-EF6B43EEDE5E}.Release|Any CPU.ActiveCfg = Release|Win32
		{ACA70F52-C30E-4F27-8725-EF6B43EEDE5E}.Release|Any CPU.Build.0 = Release|Win32
		{DEB1A1D2-51DF-4D3C-A0A6-8AB17E870792}.Debug|Any CPU.ActiveCfg = Debug|Win32
		{DEB1A1D2-51DF-4D3C-A0A6-8AB17E870792}.Debug|Any CPU.Build.0 = Debug|Win32
		{DEB1A1D2-51DF-4D3C-A0A6-8AB17E870792}.Release|Any CPU.ActiveCfg = Release|Win32
		{DEB1A1D2-51DF-4D3C-A0A6-8AB17E870792}.Release|Any CPU.Build.0 = Release|Win32
		{DA8DBE12-A2D6-4CC4-A744-C67F46FB7829}.Debug|Any CPU.ActiveCfg = Debug|Win32
		{DA8DBE12-A2D6-4CC4-A744-C67F46FB7829}.Debug|Any CPU.Build.0 = Debug|Win32
		{DA8DBE12-A2D6-4CC4-A744-C67F46FB7829}.Release|Any CPU.ActiveCfg = Release|Win32
		{DA8DBE12-A2D6-4CC4-A744-C67F46FB7829}.Release|Any CPU.Build.0 = Release|Win32
		{25F7D07A-45A3-4950-AFEE-C2659653019B}.Debug|Any CPU.ActiveCfg = Debug|Win32
		{25F7D07A-45A3-4950-AFEE-C2659653019B}.Debug|Any CPU.Build.0 = Debug|Win32
		{25F7D07A-45A3-4950-AFEE-C2659653019B}.Release|Any CPU.ActiveCfg = Release|Win32
		{25F7D07A-45A3-4950-AFEE-C2659653019B}.Release|Any CPU.Build.0 = Release|Win32
	EndGlobalSection
EndGlobal
